
Microsoft Visual Studio Solution File, Format Version 12.00
# Visual Studio Version 17
VisualStudioVersion = 17.5.002.0
MinimumVisualStudioVersion = 10.0.40219.1
Project("{9A19103F-16F7-4668-BE54-9A1E7A4F7556}") = "Chess-Coding-Adventure", "Chess-Coding-Adventure.csproj", "{0214607C-B8D9-488D-B2BB-D3719A71FB49}"
EndProject
Global
	GlobalSection(SolutionConfigurationPlatforms) = preSolution
		Debug|Any CPU = Debug|Any CPU
		Release|Any CPU = Release|Any CPU
	EndGlobalSection
	GlobalSection(ProjectConfigurationPlatforms) = postSolution
		{0214607C-B8D9-488D-B2BB-D3719A71FB49}.Debug|Any CPU.ActiveCfg = Debug|Any CPU
		{0214607C-B8D9-488D-B2BB-D3719A71FB49}.Debug|Any CPU.Build.0 = Debug|Any CPU
		{0214607C-B8D9-488D-B2BB-D3719A71FB49}.Release|Any CPU.ActiveCfg = Release|Any CPU
		{0214607C-B8D9-488D-B2BB-D3719A71FB49}.Release|Any CPU.Build.0 = Release|Any CPU
	EndGlobalSection
	GlobalSection(SolutionProperties) = preSolution
		HideSolutionNode = FALSE
	EndGlobalSection
	GlobalSection(ExtensibilityGlobals) = postSolution
		SolutionGuid = {FD1A564D-97B7-499F-BF47-8E3795561B5E}
	EndGlobalSection
EndGlobal
